
Microsoft Visual Studio Solution File, Format Version 12.00
# Visual Studio Version 16
VisualStudioVersion = 16.0.31025.194
MinimumVisualStudioVersion = 10.0.40219.1
Project("{FAE04EC0-301F-11D3-BF4B-00C04F79EFBC}") = "galeria", "galeria.csproj", "{74B47A30-F543-4E21-98DF-51B3322E88DF}"
EndProject
Global
	GlobalSection(SolutionConfigurationPlatforms) = preSolution
		Debug|Any CPU = Debug|Any CPU
		Release|Any CPU = Release|Any CPU
	EndGlobalSection
	GlobalSection(ProjectConfigurationPlatforms) = postSolution
		{74B47A30-F543-4E21-98DF-51B3322E88DF}.Debug|Any CPU.ActiveCfg = Debug|Any CPU
		{74B47A30-F543-4E21-98DF-51B3322E88DF}.Debug|Any CPU.Build.0 = Debug|Any CPU
		{74B47A30-F543-4E21-98DF-51B3322E88DF}.Release|Any CPU.ActiveCfg = Release|Any CPU
		{74B47A30-F543-4E21-98DF-51B3322E88DF}.Release|Any CPU.Build.0 = Release|Any CPU
	EndGlobalSection
	GlobalSection(SolutionProperties) = preSolution
		HideSolutionNode = FALSE
	EndGlobalSection
	GlobalSection(ExtensibilityGlobals) = postSolution
		SolutionGuid = {7E8D90C6-700A-4A56-9BD4-A5AA07BD5BE7}
	EndGlobalSection
EndGlobal
